version = 1
revision = 2
requires-python = ">=3.9"

[[package]]
name = "attrs"
version = "25.3.0"
source = { registry = "https://pypi.org/simple" }
sdist = { url = "https://files.pythonhosted.org/packages/5a/b0/1367933a8532ee6ff8d63537de4f1177af4bff9f3e829baf7331f595bb24/attrs-25.3.0.tar.gz", hash = "sha256:75d7cefc7fb576747b2c81b4442d4d4a1ce0900973527c011d1030fd3bf4af1b", size = 812032, upload-time = "2025-03-13T11:10:22.779Z" }
wheels = [
    { url = "https://files.pythonhosted.org/packages/77/06/bb80f5f86020c4551da315d78b3ab75e8228f89f0162f2c3a819e407941a/attrs-25.3.0-py3-none-any.whl", hash = "sha256:427318ce031701fea540783410126f03899a97ffc6f61596ad581ac2e40e3bc3", size = 63815, upload-time = "2025-03-13T11:10:21.14Z" },
]

[[package]]
name = "colorama"
version = "0.4.6"
source = { registry = "https://pypi.org/simple" }
sdist = { url = "https://files.pythonhosted.org/packages/d8/53/6f443c9a4a8358a93a6792e2acffb9d9d5cb0a5cfd8802644b7b1c9a02e4/colorama-0.4.6.tar.gz", hash = "sha256:08695f5cb7ed6e0531a20572697297273c47b8cae5a63ffc6d6ed5c201be6e44", size = 27697, upload-time = "2022-10-25T02:36:22.414Z" }
wheels = [
    { url = "https://files.pythonhosted.org/packages/d1/d6/3965ed04c63042e047cb6a3e6ed1a63a35087b6a609aa3a15ed8ac56c221/colorama-0.4.6-py2.py3-none-any.whl", hash = "sha256:4f1d9991f5acc0ca119f9d443620b77f9d6b33703e51011c16baf57afb285fc6", size = 25335, upload-time = "2022-10-25T02:36:20.889Z" },
]

[[package]]
name = "deepdiff"
version = "8.5.0"
source = { registry = "https://pypi.org/simple" }
dependencies = [
    { name = "orderly-set" },
]
sdist = { url = "https://files.pythonhosted.org/packages/0a/0f/9cd2624f7dcd755cbf1fa21fb7234541f19a1be96a56f387ec9053ebe220/deepdiff-8.5.0.tar.gz", hash = "sha256:a4dd3529fa8d4cd5b9cbb6e3ea9c95997eaa919ba37dac3966c1b8f872dc1cd1", size = 538517, upload-time = "2025-05-09T18:44:10.035Z" }
wheels = [
    { url = "https://files.pythonhosted.org/packages/4a/3b/2e0797200c51531a6d8c97a8e4c9fa6fb56de7e6e2a15c1c067b6b10a0b0/deepdiff-8.5.0-py3-none-any.whl", hash = "sha256:d4599db637f36a1c285f5fdfc2cd8d38bde8d8be8636b65ab5e425b67c54df26", size = 85112, upload-time = "2025-05-09T18:44:07.784Z" },
]

[[package]]
name = "exceptiongroup"
version = "1.3.0"
source = { registry = "https://pypi.org/simple" }
dependencies = [
    { name = "typing-extensions", marker = "python_full_version < '3.13'" },
]
sdist = { url = "https://files.pythonhosted.org/packages/0b/9f/a65090624ecf468cdca03533906e7c69ed7588582240cfe7cc9e770b50eb/exceptiongroup-1.3.0.tar.gz", hash = "sha256:b241f5885f560bc56a59ee63ca4c6a8bfa46ae4ad651af316d4e81817bb9fd88", size = 29749, upload-time = "2025-05-10T17:42:51.123Z" }
wheels = [
    { url = "https://files.pythonhosted.org/packages/36/f4/c6e662dade71f56cd2f3735141b265c3c79293c109549c1e6933b0651ffc/exceptiongroup-1.3.0-py3-none-any.whl", hash = "sha256:4d111e6e0c13d0644cad6ddaa7ed0261a0b36971f6d23e7ec9b4b9097da78a10", size = 16674, upload-time = "2025-05-10T17:42:49.33Z" },
]

[[package]]
name = "execnet"
version = "2.1.1"
source = { registry = "https://pypi.org/simple" }
sdist = { url = "https://files.pythonhosted.org/packages/bb/ff/b4c0dc78fbe20c3e59c0c7334de0c27eb4001a2b2017999af398bf730817/execnet-2.1.1.tar.gz", hash = "sha256:5189b52c6121c24feae288166ab41b32549c7e2348652736540b9e6e7d4e72e3", size = 166524, upload-time = "2024-04-08T09:04:19.245Z" }
wheels = [
    { url = "https://files.pythonhosted.org/packages/43/09/2aea36ff60d16dd8879bdb2f5b3ee0ba8d08cbbdcdfe870e695ce3784385/execnet-2.1.1-py3-none-any.whl", hash = "sha256:26dee51f1b80cebd6d0ca8e74dd8745419761d3bef34163928cbebbdc4749fdc", size = 40612, upload-time = "2024-04-08T09:04:17.414Z" },
]

[[package]]
name = "frozendict"
version = "2.4.6"
source = { registry = "https://pypi.org/simple" }
sdist = { url = "https://files.pythonhosted.org/packages/bb/59/19eb300ba28e7547538bdf603f1c6c34793240a90e1a7b61b65d8517e35e/frozendict-2.4.6.tar.gz", hash = "sha256:df7cd16470fbd26fc4969a208efadc46319334eb97def1ddf48919b351192b8e", size = 316416, upload-time = "2024-10-13T12:15:32.449Z" }
wheels = [
    { url = "https://files.pythonhosted.org/packages/a6/7f/e80cdbe0db930b2ba9d46ca35a41b0150156da16dfb79edcc05642690c3b/frozendict-2.4.6-cp310-cp310-macosx_10_9_x86_64.whl", hash = "sha256:c3a05c0a50cab96b4bb0ea25aa752efbfceed5ccb24c007612bc63e51299336f", size = 37927, upload-time = "2024-10-13T12:14:17.927Z" },
    { url = "https://files.pythonhosted.org/packages/29/98/27e145ff7e8e63caa95fb8ee4fc56c68acb208bef01a89c3678a66f9a34d/frozendict-2.4.6-cp310-cp310-macosx_11_0_arm64.whl", hash = "sha256:f5b94d5b07c00986f9e37a38dd83c13f5fe3bf3f1ccc8e88edea8fe15d6cd88c", size = 37945, upload-time = "2024-10-13T12:14:19.976Z" },
    { url = "https://files.pythonhosted.org/packages/ac/f1/a10be024a9d53441c997b3661ea80ecba6e3130adc53812a4b95b607cdd1/frozendict-2.4.6-cp310-cp310-manylinux_2_17_aarch64.manylinux2014_aarch64.whl", hash = "sha256:f4c789fd70879ccb6289a603cdebdc4953e7e5dea047d30c1b180529b28257b5", size = 117656, upload-time = "2024-10-13T12:14:22.038Z" },
    { url = "https://files.pythonhosted.org/packages/46/a6/34c760975e6f1cb4db59a990d58dcf22287e10241c851804670c74c6a27a/frozendict-2.4.6-cp310-cp310-manylinux_2_17_x86_64.manylinux2014_x86_64.whl", hash = "sha256:da6a10164c8a50b34b9ab508a9420df38f4edf286b9ca7b7df8a91767baecb34", size = 117444, upload-time = "2024-10-13T12:14:24.251Z" },
    { url = "https://files.pythonhosted.org/packages/62/dd/64bddd1ffa9617f50e7e63656b2a7ad7f0a46c86b5f4a3d2c714d0006277/frozendict-2.4.6-cp310-cp310-musllinux_1_2_aarch64.whl", hash = "sha256:9a8a43036754a941601635ea9c788ebd7a7efbed2becba01b54a887b41b175b9", size = 116801, upload-time = "2024-10-13T12:14:26.518Z" },
    { url = "https://files.pythonhosted.org/packages/45/ae/af06a8bde1947277aad895c2f26c3b8b8b6ee9c0c2ad988fb58a9d1dde3f/frozendict-2.4.6-cp310-cp310-musllinux_1_2_x86_64.whl", hash = "sha256:c9905dcf7aa659e6a11b8051114c9fa76dfde3a6e50e6dc129d5aece75b449a2", size = 117329, upload-time = "2024-10-13T12:14:28.485Z" },
    { url = "https://files.pythonhosted.org/packages/d2/df/be3fa0457ff661301228f4c59c630699568c8ed9b5480f113b3eea7d0cb3/frozendict-2.4.6-cp310-cp310-win_amd64.whl", hash = "sha256:323f1b674a2cc18f86ab81698e22aba8145d7a755e0ac2cccf142ee2db58620d", size = 37522, upload-time = "2024-10-13T12:14:30.418Z" },
    { url = "https://files.pythonhosted.org/packages/4a/6f/c22e0266b4c85f58b4613fec024e040e93753880527bf92b0c1bc228c27c/frozendict-2.4.6-cp310-cp310-win_arm64.whl", hash = "sha256:eabd21d8e5db0c58b60d26b4bb9839cac13132e88277e1376970172a85ee04b3", size = 34056, upload-time = "2024-10-13T12:14:31.757Z" },
    { url = "https://files.pythonhosted.org/packages/eb/7e/5d6e86b01742468e5265401529b60d4d24e4b61a751d24473a324da71b55/frozendict-2.4.6-cp39-cp39-macosx_10_9_x86_64.whl", hash = "sha256:a76cee5c4be2a5d1ff063188232fffcce05dde6fd5edd6afe7b75b247526490e", size = 38143, upload-time = "2024-10-13T12:15:12.3Z" },
    { url = "https://files.pythonhosted.org/packages/93/d0/3d66be6d154e2bbb4d49445c557f722b248c019b70982654e2440f303671/frozendict-2.4.6-cp39-cp39-macosx_11_0_arm64.whl", hash = "sha256:ba5ef7328706db857a2bdb2c2a17b4cd37c32a19c017cff1bb7eeebc86b0f411", size = 37954, upload-time = "2024-10-13T12:15:13.734Z" },
    { url = "https://files.pythonhosted.org/packages/b8/a2/5a178339345edff643240e48dd276581df64b1dd93eaa7d26556396a145b/frozendict-2.4.6-cp39-cp39-manylinux_2_17_aarch64.manylinux2014_aarch64.whl", hash = "sha256:669237c571856be575eca28a69e92a3d18f8490511eff184937283dc6093bd67", size = 117093, upload-time = "2024-10-13T12:15:15.621Z" },
    { url = "https://files.pythonhosted.org/packages/41/df/09a752239eb0661eeda0f34f14577c10edc6f3e4deb7652b3a3efff22ad4/frozendict-2.4.6-cp39-cp39-manylinux_2_17_x86_64.manylinux2014_x86_64.whl", hash = "sha256:0aaa11e7c472150efe65adbcd6c17ac0f586896096ab3963775e1c5c58ac0098", size = 116883, upload-time = "2024-10-13T12:15:17.521Z" },
    { url = "https://files.pythonhosted.org/packages/22/d4/619d1cfbc74be5641d839a5a2e292f9eac494aa557bfe7c266542c4014a2/frozendict-2.4.6-cp39-cp39-musllinux_1_2_aarch64.whl", hash = "sha256:b8f2829048f29fe115da4a60409be2130e69402e29029339663fac39c90e6e2b", size = 116314, upload-time = "2024-10-13T12:15:19.689Z" },
    { url = "https://files.pythonhosted.org/packages/41/b9/40042606a4ac458046ebeecc34cec2971e78e029ea3b6ad4e35833c7f8e6/frozendict-2.4.6-cp39-cp39-musllinux_1_2_x86_64.whl", hash = "sha256:94321e646cc39bebc66954a31edd1847d3a2a3483cf52ff051cd0996e7db07db", size = 117017, upload-time = "2024-10-13T12:15:21.718Z" },
    { url = "https://files.pythonhosted.org/packages/e1/6d/e99715f406d8f4297d08b5591365e7d91b39a24cdbaabd3861f95e283c52/frozendict-2.4.6-cp39-cp39-win_amd64.whl", hash = "sha256:74b6b26c15dddfefddeb89813e455b00ebf78d0a3662b89506b4d55c6445a9f4", size = 37815, upload-time = "2024-10-13T12:15:23.156Z" },
    { url = "https://files.pythonhosted.org/packages/80/75/cad77ff4bb58277a557becf837345de8f6384d3b1d71f932d22a13223b9e/frozendict-2.4.6-cp39-cp39-win_arm64.whl", hash = "sha256:7088102345d1606450bd1801a61139bbaa2cb0d805b9b692f8d81918ea835da6", size = 34368, upload-time = "2024-10-13T12:15:25.001Z" },
    { url = "https://files.pythonhosted.org/packages/04/13/d9839089b900fa7b479cce495d62110cddc4bd5630a04d8469916c0e79c5/frozendict-2.4.6-py311-none-any.whl", hash = "sha256:d065db6a44db2e2375c23eac816f1a022feb2fa98cbb50df44a9e83700accbea", size = 16148, upload-time = "2024-10-13T12:15:26.839Z" },
    { url = "https://files.pythonhosted.org/packages/ba/d0/d482c39cee2ab2978a892558cf130681d4574ea208e162da8958b31e9250/frozendict-2.4.6-py312-none-any.whl", hash = "sha256:49344abe90fb75f0f9fdefe6d4ef6d4894e640fadab71f11009d52ad97f370b9", size = 16146, upload-time = "2024-10-13T12:15:28.16Z" },
    { url = "https://files.pythonhosted.org/packages/a5/8e/b6bf6a0de482d7d7d7a2aaac8fdc4a4d0bb24a809f5ddd422aa7060eb3d2/frozendict-2.4.6-py313-none-any.whl", hash = "sha256:7134a2bb95d4a16556bb5f2b9736dceb6ea848fa5b6f3f6c2d6dba93b44b4757", size = 16146, upload-time = "2024-10-13T12:15:29.495Z" },
]

[[package]]
name = "hypothesis"
version = "6.135.1"
source = { registry = "https://pypi.org/simple" }
dependencies = [
    { name = "attrs" },
    { name = "exceptiongroup", marker = "python_full_version < '3.11'" },
    { name = "sortedcontainers" },
]
sdist = { url = "https://files.pythonhosted.org/packages/77/d5/f569c4f93c84b7f8ea147da6100050a36940a0ece799887bcd75b554f2ad/hypothesis-6.135.1.tar.gz", hash = "sha256:36eea411ef5dde5612301fcd9a293b6f2a3a5ab96488be2e23e7c5799cbd7b33", size = 449455, upload-time = "2025-06-05T22:08:12.353Z" }
wheels = [
    { url = "https://files.pythonhosted.org/packages/30/15/4bcd915f4bd747bb258482d8e705ef27a1584b7744e26bec72a9289a6e4f/hypothesis-6.135.1-py3-none-any.whl", hash = "sha256:14fab728bfe2409a3934e6e1ea6ae0a706d0bc78187137218a253aec7528b4c8", size = 515130, upload-time = "2025-06-05T22:08:08.467Z" },
]

[[package]]
name = "iniconfig"
version = "2.1.0"
source = { registry = "https://pypi.org/simple" }
sdist = { url = "https://files.pythonhosted.org/packages/f2/97/ebf4da567aa6827c909642694d71c9fcf53e5b504f2d96afea02718862f3/iniconfig-2.1.0.tar.gz", hash = "sha256:3abbd2e30b36733fee78f9c7f7308f2d0050e88f0087fd25c2645f63c773e1c7", size = 4793, upload-time = "2025-03-19T20:09:59.721Z" }
wheels = [
    { url = "https://files.pythonhosted.org/packages/2c/e1/e6716421ea10d38022b952c159d5161ca1193197fb744506875fbb87ea7b/iniconfig-2.1.0-py3-none-any.whl", hash = "sha256:9deba5723312380e77435581c6bf4935c94cbfab9b1ed33ef8d238ea168eb760", size = 6050, upload-time = "2025-03-19T20:10:01.071Z" },
]

[[package]]
name = "maturin"
version = "1.8.3"
source = { registry = "https://pypi.org/simple" }
dependencies = [
    { name = "tomli", marker = "python_full_version < '3.11'" },
]
sdist = { url = "https://files.pythonhosted.org/packages/30/0b/3fd746cf5cfa3c8d7e20ea08c0dbc2c2c765ae051d0fc43d808a38bc9548/maturin-1.8.3.tar.gz", hash = "sha256:304762f86fd53a8031b1bf006d12572a2aa0a5235485031113195cc0152e1e12", size = 199656, upload-time = "2025-03-13T11:07:56.838Z" }
wheels = [
    { url = "https://files.pythonhosted.org/packages/78/80/08579d0184ba743345bbd350a3b6419510ff8a4f6e9e671f713160d41fbb/maturin-1.8.3-py3-none-linux_armv6l.whl", hash = "sha256:fa27466b627150123729b2e611f9f9cfade84d24385d72c6877f78c30de30e89", size = 7758366, upload-time = "2025-03-13T11:07:26.909Z" },
    { url = "https://files.pythonhosted.org/packages/87/1c/00755d28ae277daa828e183c3d118e2923e8b8f0cba4ff708b15d274ac0e/maturin-1.8.3-py3-none-macosx_10_12_x86_64.macosx_11_0_arm64.macosx_10_12_universal2.whl", hash = "sha256:583404d20d7f1d9c8f3c18dcab9014faacabbed6be02da80062c06cd0e279554", size = 15201378, upload-time = "2025-03-13T11:07:30.805Z" },
    { url = "https://files.pythonhosted.org/packages/58/9f/b8738dc55ba3eb149ad2686d3f9b3c24e44b7baff46cc6baa85e5dc8cf5e/maturin-1.8.3-py3-none-macosx_10_12_x86_64.whl", hash = "sha256:f9ffdac53dfe0089cf19b597410bc552eb34c856ddb41482b243a695e8b549d3", size = 7934215, upload-time = "2025-03-13T11:07:33.583Z" },
    { url = "https://files.pythonhosted.org/packages/18/68/300f1a279486d6f63b624a76b81f0fba82545d027127c1ca4d5ded0d1b43/maturin-1.8.3-py3-none-manylinux_2_12_i686.manylinux2010_i686.musllinux_1_1_i686.whl", hash = "sha256:7949a4a17637341f84e88f4cbf0c155998780bbb7a145ed735725b907881c0ae", size = 7791270, upload-time = "2025-03-13T11:07:35.776Z" },
    { url = "https://files.pythonhosted.org/packages/2e/6d/bf1b8bb9a8b1d9adad242b4089794be318446142975762d04f04ffabae40/maturin-1.8.3-py3-none-manylinux_2_12_x86_64.manylinux2010_x86_64.musllinux_1_1_x86_64.whl", hash = "sha256:11564fac7486313b7baf3aa4e82c20e1b20364aad3fde2ccbc4c07693c0b7e16", size = 8282824, upload-time = "2025-03-13T11:07:37.965Z" },
    { url = "https://files.pythonhosted.org/packages/18/e9/c601de8699e546774d3f9e761eab374988f88e4ed7006afbb5ff61bb41c0/maturin-1.8.3-py3-none-manylinux_2_17_aarch64.manylinux2014_aarch64.musllinux_1_1_aarch64.whl", hash = "sha256:8555d8701cdba6c19c4705a22ce4d2a1814efd792f55dc5873262ff903317540", size = 7595855, upload-time = "2025-03-13T11:07:40.433Z" },
    { url = "https://files.pythonhosted.org/packages/34/b8/82ae650e6b589289f4219a480f2b220bcf3d9391ae9ea02cc7a58ef59cfc/maturin-1.8.3-py3-none-manylinux_2_17_armv7l.manylinux2014_armv7l.musllinux_1_1_armv7l.whl", hash = "sha256:5b2a513468c1c9b4d1728d4b6d3d044b7c183985ef819c9ef15e373b70d99c7d", size = 7634888, upload-time = "2025-03-13T11:07:42.961Z" },
    { url = "https://files.pythonhosted.org/packages/ac/4a/4f898a66cf4697267c447a6f240b6cbcc2dcacd3cab89735bfbd44810be1/maturin-1.8.3-py3-none-manylinux_2_17_ppc64le.manylinux2014_ppc64le.musllinux_1_1_ppc64le.whl", hash = "sha256:2fe8fdff420cfccde127bbc3d8e40835163dcebb6d28c49fffd9aaf1e6ec1090", size = 9810616, upload-time = "2025-03-13T11:07:45.444Z" },
    { url = "https://files.pythonhosted.org/packages/31/bd/21b0d471e6ade0801f27c33672bca4d563eb1d1e624e534f3bef8a01b1ac/maturin-1.8.3-py3-none-manylinux_2_17_s390x.manylinux2014_s390x.whl", hash = "sha256:22cd8b6dc490fee99a62590f914f0c04ddad1dd6dbd5c7e933b3f882b1bd78c2", size = 10923701, upload-time = "2025-03-13T11:07:48.197Z" },
    { url = "https://files.pythonhosted.org/packages/6c/07/85c32f03ed757c0626e2fc5a9d6454988228be96a756991702a2a757691b/maturin-1.8.3-py3-none-win32.whl", hash = "sha256:2427924546c9d1079b1c0c6c5c1d380e1b8187baba4e6342cca81597a0f3d697", size = 7016502, upload-time = "2025-03-13T11:07:50.531Z" },
    { url = "https://files.pythonhosted.org/packages/d5/62/f92a130a370dd7aca13c316844b82853647f048cfe1594a81f628ab7101f/maturin-1.8.3-py3-none-win_amd64.whl", hash = "sha256:85f2b882d8235c1c1cb0a38d382ccd5b3ba0674d99cb548d49df9342cc688e36", size = 7953286, upload-time = "2025-03-13T11:07:52.556Z" },
    { url = "https://files.pythonhosted.org/packages/04/95/8379140838cd95472de843e982d0bf674e8dbf25a899c44e2f76b15704d9/maturin-1.8.3-py3-none-win_arm64.whl", hash = "sha256:33939aabf9a06a8a14ca6c399d32616c7e574fcca8d4ff6dcd984441051f32fb", size = 6687772, upload-time = "2025-03-13T11:07:54.871Z" },
]

[[package]]
name = "msgspec"
version = "0.19.0"
source = { registry = "https://pypi.org/simple" }
sdist = { url = "https://files.pythonhosted.org/packages/cf/9b/95d8ce458462b8b71b8a70fa94563b2498b89933689f3a7b8911edfae3d7/msgspec-0.19.0.tar.gz", hash = "sha256:604037e7cd475345848116e89c553aa9a233259733ab51986ac924ab1b976f8e", size = 216934, upload-time = "2024-12-27T17:40:28.597Z" }
wheels = [
    { url = "https://files.pythonhosted.org/packages/13/40/817282b42f58399762267b30deb8ac011d8db373f8da0c212c85fbe62b8f/msgspec-0.19.0-cp310-cp310-macosx_10_9_x86_64.whl", hash = "sha256:d8dd848ee7ca7c8153462557655570156c2be94e79acec3561cf379581343259", size = 190019, upload-time = "2024-12-27T17:39:13.803Z" },
    { url = "https://files.pythonhosted.org/packages/92/99/bd7ed738c00f223a8119928661167a89124140792af18af513e6519b0d54/msgspec-0.19.0-cp310-cp310-macosx_11_0_arm64.whl", hash = "sha256:0553bbc77662e5708fe66aa75e7bd3e4b0f209709c48b299afd791d711a93c36", size = 183680, upload-time = "2024-12-27T17:39:17.847Z" },
    { url = "https://files.pythonhosted.org/packages/e5/27/322badde18eb234e36d4a14122b89edd4e2973cdbc3da61ca7edf40a1ccd/msgspec-0.19.0-cp310-cp310-manylinux_2_17_aarch64.manylinux2014_aarch64.whl", hash = "sha256:fe2c4bf29bf4e89790b3117470dea2c20b59932772483082c468b990d45fb947", size = 209334, upload-time = "2024-12-27T17:39:19.065Z" },
    { url = "https://files.pythonhosted.org/packages/c6/65/080509c5774a1592b2779d902a70b5fe008532759927e011f068145a16cb/msgspec-0.19.0-cp310-cp310-manylinux_2_17_x86_64.manylinux2014_x86_64.whl", hash = "sha256:00e87ecfa9795ee5214861eab8326b0e75475c2e68a384002aa135ea2a27d909", size = 211551, upload-time = "2024-12-27T17:39:21.767Z" },
    { url = "https://files.pythonhosted.org/packages/6f/2e/1c23c6b4ca6f4285c30a39def1054e2bee281389e4b681b5e3711bd5a8c9/msgspec-0.19.0-cp310-cp310-musllinux_1_2_aarch64.whl", hash = "sha256:3c4ec642689da44618f68c90855a10edbc6ac3ff7c1d94395446c65a776e712a", size = 215099, upload-time = "2024-12-27T17:39:24.71Z" },
    { url = "https://files.pythonhosted.org/packages/83/fe/95f9654518879f3359d1e76bc41189113aa9102452170ab7c9a9a4ee52f6/msgspec-0.19.0-cp310-cp310-musllinux_1_2_x86_64.whl", hash = "sha256:2719647625320b60e2d8af06b35f5b12d4f4d281db30a15a1df22adb2295f633", size = 218211, upload-time = "2024-12-27T17:39:27.396Z" },
    { url = "https://files.pythonhosted.org/packages/79/f6/71ca7e87a1fb34dfe5efea8156c9ef59dd55613aeda2ca562f122cd22012/msgspec-0.19.0-cp310-cp310-win_amd64.whl", hash = "sha256:695b832d0091edd86eeb535cd39e45f3919f48d997685f7ac31acb15e0a2ed90", size = 186174, upload-time = "2024-12-27T17:39:29.647Z" },
    { url = "https://files.pythonhosted.org/packages/24/d4/2ec2567ac30dab072cce3e91fb17803c52f0a37aab6b0c24375d2b20a581/msgspec-0.19.0-cp311-cp311-macosx_10_9_x86_64.whl", hash = "sha256:aa77046904db764b0462036bc63ef71f02b75b8f72e9c9dd4c447d6da1ed8f8e", size = 187939, upload-time = "2024-12-27T17:39:32.347Z" },
    { url = "https://files.pythonhosted.org/packages/2b/c0/18226e4328897f4f19875cb62bb9259fe47e901eade9d9376ab5f251a929/msgspec-0.19.0-cp311-cp311-macosx_11_0_arm64.whl", hash = "sha256:047cfa8675eb3bad68722cfe95c60e7afabf84d1bd8938979dd2b92e9e4a9551", size = 182202, upload-time = "2024-12-27T17:39:33.633Z" },
    { url = "https://files.pythonhosted.org/packages/81/25/3a4b24d468203d8af90d1d351b77ea3cffb96b29492855cf83078f16bfe4/msgspec-0.19.0-cp311-cp311-manylinux_2_17_aarch64.manylinux2014_aarch64.whl", hash = "sha256:e78f46ff39a427e10b4a61614a2777ad69559cc8d603a7c05681f5a595ea98f7", size = 209029, upload-time = "2024-12-27T17:39:35.023Z" },
    { url = "https://files.pythonhosted.org/packages/85/2e/db7e189b57901955239f7689b5dcd6ae9458637a9c66747326726c650523/msgspec-0.19.0-cp311-cp311-manylinux_2_17_x86_64.manylinux2014_x86_64.whl", hash = "sha256:6c7adf191e4bd3be0e9231c3b6dc20cf1199ada2af523885efc2ed218eafd011", size = 210682, upload-time = "2024-12-27T17:39:36.384Z" },
    { url = "https://files.pythonhosted.org/packages/03/97/7c8895c9074a97052d7e4a1cc1230b7b6e2ca2486714eb12c3f08bb9d284/msgspec-0.19.0-cp311-cp311-musllinux_1_2_aarch64.whl", hash = "sha256:f04cad4385e20be7c7176bb8ae3dca54a08e9756cfc97bcdb4f18560c3042063", size = 214003, upload-time = "2024-12-27T17:39:39.097Z" },
    { url = "https://files.pythonhosted.org/packages/61/61/e892997bcaa289559b4d5869f066a8021b79f4bf8e955f831b095f47a4cd/msgspec-0.19.0-cp311-cp311-musllinux_1_2_x86_64.whl", hash = "sha256:45c8fb410670b3b7eb884d44a75589377c341ec1392b778311acdbfa55187716", size = 216833, upload-time = "2024-12-27T17:39:41.203Z" },
    { url = "https://files.pythonhosted.org/packages/ce/3d/71b2dffd3a1c743ffe13296ff701ee503feaebc3f04d0e75613b6563c374/msgspec-0.19.0-cp311-cp311-win_amd64.whl", hash = "sha256:70eaef4934b87193a27d802534dc466778ad8d536e296ae2f9334e182ac27b6c", size = 186184, upload-time = "2024-12-27T17:39:43.702Z" },
    { url = "https://files.pythonhosted.org/packages/b2/5f/a70c24f075e3e7af2fae5414c7048b0e11389685b7f717bb55ba282a34a7/msgspec-0.19.0-cp312-cp312-macosx_10_13_x86_64.whl", hash = "sha256:f98bd8962ad549c27d63845b50af3f53ec468b6318400c9f1adfe8b092d7b62f", size = 190485, upload-time = "2024-12-27T17:39:44.974Z" },
    { url = "https://files.pythonhosted.org/packages/89/b0/1b9763938cfae12acf14b682fcf05c92855974d921a5a985ecc197d1c672/msgspec-0.19.0-cp312-cp312-macosx_11_0_arm64.whl", hash = "sha256:43bbb237feab761b815ed9df43b266114203f53596f9b6e6f00ebd79d178cdf2", size = 183910, upload-time = "2024-12-27T17:39:46.401Z" },
    { url = "https://files.pythonhosted.org/packages/87/81/0c8c93f0b92c97e326b279795f9c5b956c5a97af28ca0fbb9fd86c83737a/msgspec-0.19.0-cp312-cp312-manylinux_2_17_aarch64.manylinux2014_aarch64.whl", hash = "sha256:4cfc033c02c3e0aec52b71710d7f84cb3ca5eb407ab2ad23d75631153fdb1f12", size = 210633, upload-time = "2024-12-27T17:39:49.099Z" },
    { url = "https://files.pythonhosted.org/packages/d0/ef/c5422ce8af73928d194a6606f8ae36e93a52fd5e8df5abd366903a5ca8da/msgspec-0.19.0-cp312-cp312-manylinux_2_17_x86_64.manylinux2014_x86_64.whl", hash = "sha256:d911c442571605e17658ca2b416fd8579c5050ac9adc5e00c2cb3126c97f73bc", size = 213594, upload-time = "2024-12-27T17:39:51.204Z" },
    { url = "https://files.pythonhosted.org/packages/19/2b/4137bc2ed45660444842d042be2cf5b18aa06efd2cda107cff18253b9653/msgspec-0.19.0-cp312-cp312-musllinux_1_2_aarch64.whl", hash = "sha256:757b501fa57e24896cf40a831442b19a864f56d253679f34f260dcb002524a6c", size = 214053, upload-time = "2024-12-27T17:39:52.866Z" },
    { url = "https://files.pythonhosted.org/packages/9d/e6/8ad51bdc806aac1dc501e8fe43f759f9ed7284043d722b53323ea421c360/msgspec-0.19.0-cp312-cp312-musllinux_1_2_x86_64.whl", hash = "sha256:5f0f65f29b45e2816d8bded36e6b837a4bf5fb60ec4bc3c625fa2c6da4124537", size = 219081, upload-time = "2024-12-27T17:39:55.142Z" },
    { url = "https://files.pythonhosted.org/packages/b1/ef/27dd35a7049c9a4f4211c6cd6a8c9db0a50647546f003a5867827ec45391/msgspec-0.19.0-cp312-cp312-win_amd64.whl", hash = "sha256:067f0de1c33cfa0b6a8206562efdf6be5985b988b53dd244a8e06f993f27c8c0", size = 187467, upload-time = "2024-12-27T17:39:56.531Z" },
    { url = "https://files.pythonhosted.org/packages/3c/cb/2842c312bbe618d8fefc8b9cedce37f773cdc8fa453306546dba2c21fd98/msgspec-0.19.0-cp313-cp313-macosx_10_13_x86_64.whl", hash = "sha256:f12d30dd6266557aaaf0aa0f9580a9a8fbeadfa83699c487713e355ec5f0bd86", size = 190498, upload-time = "2024-12-27T17:40:00.427Z" },
    { url = "https://files.pythonhosted.org/packages/58/95/c40b01b93465e1a5f3b6c7d91b10fb574818163740cc3acbe722d1e0e7e4/msgspec-0.19.0-cp313-cp313-macosx_11_0_arm64.whl", hash = "sha256:82b2c42c1b9ebc89e822e7e13bbe9d17ede0c23c187469fdd9505afd5a481314", size = 183950, upload-time = "2024-12-27T17:40:04.219Z" },
    { url = "https://files.pythonhosted.org/packages/e8/f0/5b764e066ce9aba4b70d1db8b087ea66098c7c27d59b9dd8a3532774d48f/msgspec-0.19.0-cp313-cp313-manylinux_2_17_aarch64.manylinux2014_aarch64.whl", hash = "sha256:19746b50be214a54239aab822964f2ac81e38b0055cca94808359d779338c10e", size = 210647, upload-time = "2024-12-27T17:40:05.606Z" },
    { url = "https://files.pythonhosted.org/packages/9d/87/bc14f49bc95c4cb0dd0a8c56028a67c014ee7e6818ccdce74a4862af259b/msgspec-0.19.0-cp313-cp313-manylinux_2_17_x86_64.manylinux2014_x86_64.whl", hash = "sha256:60ef4bdb0ec8e4ad62e5a1f95230c08efb1f64f32e6e8dd2ced685bcc73858b5", size = 213563, upload-time = "2024-12-27T17:40:10.516Z" },
    { url = "https://files.pythonhosted.org/packages/53/2f/2b1c2b056894fbaa975f68f81e3014bb447516a8b010f1bed3fb0e016ed7/msgspec-0.19.0-cp313-cp313-musllinux_1_2_aarch64.whl", hash = "sha256:ac7f7c377c122b649f7545810c6cd1b47586e3aa3059126ce3516ac7ccc6a6a9", size = 213996, upload-time = "2024-12-27T17:40:12.244Z" },
    { url = "https://files.pythonhosted.org/packages/aa/5a/4cd408d90d1417e8d2ce6a22b98a6853c1b4d7cb7669153e4424d60087f6/msgspec-0.19.0-cp313-cp313-musllinux_1_2_x86_64.whl", hash = "sha256:a5bc1472223a643f5ffb5bf46ccdede7f9795078194f14edd69e3aab7020d327", size = 219087, upload-time = "2024-12-27T17:40:14.881Z" },
    { url = "https://files.pythonhosted.org/packages/23/d8/f15b40611c2d5753d1abb0ca0da0c75348daf1252220e5dda2867bd81062/msgspec-0.19.0-cp313-cp313-win_amd64.whl", hash = "sha256:317050bc0f7739cb30d257ff09152ca309bf5a369854bbf1e57dffc310c1f20f", size = 187432, upload-time = "2024-12-27T17:40:16.256Z" },
    { url = "https://files.pythonhosted.org/packages/ea/d0/323f867eaec1f2236ba30adf613777b1c97a7e8698e2e881656b21871fa4/msgspec-0.19.0-cp39-cp39-macosx_10_9_x86_64.whl", hash = "sha256:15c1e86fff77184c20a2932cd9742bf33fe23125fa3fcf332df9ad2f7d483044", size = 189926, upload-time = "2024-12-27T17:40:18.939Z" },
    { url = "https://files.pythonhosted.org/packages/a8/37/c3e1b39bdae90a7258d77959f5f5e36ad44b40e2be91cff83eea33c54d43/msgspec-0.19.0-cp39-cp39-macosx_11_0_arm64.whl", hash = "sha256:3b5541b2b3294e5ffabe31a09d604e23a88533ace36ac288fa32a420aa38d229", size = 183873, upload-time = "2024-12-27T17:40:20.214Z" },
    { url = "https://files.pythonhosted.org/packages/cb/a2/48f2c15c7644668e51f4dce99d5f709bd55314e47acb02e90682f5880f35/msgspec-0.19.0-cp39-cp39-manylinux_2_17_aarch64.manylinux2014_aarch64.whl", hash = "sha256:0f5c043ace7962ef188746e83b99faaa9e3e699ab857ca3f367b309c8e2c6b12", size = 209272, upload-time = "2024-12-27T17:40:21.534Z" },
    { url = "https://files.pythonhosted.org/packages/25/3c/aa339cf08b990c3f07e67b229a3a8aa31bf129ed974b35e5daa0df7d9d56/msgspec-0.19.0-cp39-cp39-manylinux_2_17_x86_64.manylinux2014_x86_64.whl", hash = "sha256:ca06aa08e39bf57e39a258e1996474f84d0dd8130d486c00bec26d797b8c5446", size = 211396, upload-time = "2024-12-27T17:40:22.897Z" },
    { url = "https://files.pythonhosted.org/packages/c7/00/c7fb9d524327c558b2803973cc3f988c5100a1708879970a9e377bdf6f4f/msgspec-0.19.0-cp39-cp39-musllinux_1_2_aarch64.whl", hash = "sha256:e695dad6897896e9384cf5e2687d9ae9feaef50e802f93602d35458e20d1fb19", size = 215002, upload-time = "2024-12-27T17:40:24.341Z" },
    { url = "https://files.pythonhosted.org/packages/3f/bf/d9f9fff026c1248cde84a5ce62b3742e8a63a3c4e811f99f00c8babf7615/msgspec-0.19.0-cp39-cp39-musllinux_1_2_x86_64.whl", hash = "sha256:3be5c02e1fee57b54130316a08fe40cca53af92999a302a6054cd451700ea7db", size = 218132, upload-time = "2024-12-27T17:40:25.744Z" },
    { url = "https://files.pythonhosted.org/packages/00/03/b92011210f79794958167a3a3ea64a71135d9a2034cfb7597b545a42606d/msgspec-0.19.0-cp39-cp39-win_amd64.whl", hash = "sha256:0684573a821be3c749912acf5848cce78af4298345cb2d7a8b8948a0a5a27cfe", size = 186301, upload-time = "2024-12-27T17:40:27.076Z" },
]

[[package]]
name = "orderly-set"
version = "5.4.1"
source = { registry = "https://pypi.org/simple" }
sdist = { url = "https://files.pythonhosted.org/packages/03/4a/38030da31c13dcd5a531490006e63a0954083fb115113be9393179738e25/orderly_set-5.4.1.tar.gz", hash = "sha256:a1fb5a4fdc5e234e9e8d8e5c1bbdbc4540f4dfe50d12bf17c8bc5dbf1c9c878d", size = 20943, upload-time = "2025-05-06T22:34:13.512Z" }
wheels = [
    { url = "https://files.pythonhosted.org/packages/12/bc/e0dfb4db9210d92b44e49d6e61ba5caefbd411958357fa9d7ff489eeb835/orderly_set-5.4.1-py3-none-any.whl", hash = "sha256:b5e21d21680bd9ef456885db800c5cb4f76a03879880c0175e1b077fb166fd83", size = 12339, upload-time = "2025-05-06T22:34:12.564Z" },
]

[[package]]
name = "packaging"
version = "25.0"
source = { registry = "https://pypi.org/simple" }
sdist = { url = "https://files.pythonhosted.org/packages/a1/d4/1fc4078c65507b51b96ca8f8c3ba19e6a61c8253c72794544580a7b6c24d/packaging-25.0.tar.gz", hash = "sha256:d443872c98d677bf60f6a1f2f8c1cb748e8fe762d2bf9d3148b5599295b0fc4f", size = 165727, upload-time = "2025-04-19T11:48:59.673Z" }
wheels = [
    { url = "https://files.pythonhosted.org/packages/20/12/38679034af332785aac8774540895e234f4d07f7545804097de4b666afd8/packaging-25.0-py3-none-any.whl", hash = "sha256:29572ef2b1f17581046b3a2227d5c611fb25ec70ca1ba8554b24b0e69331a484", size = 66469, upload-time = "2025-04-19T11:48:57.875Z" },
]

[[package]]
name = "pdbp"
version = "1.7.0"
source = { registry = "https://pypi.org/simple" }
dependencies = [
    { name = "colorama", marker = "sys_platform == 'win32'" },
    { name = "pygments" },
    { name = "tabcompleter" },
]
sdist = { url = "https://files.pythonhosted.org/packages/a5/7e/c2e6e6a27417ac9d23c1a8534c72f451463c71776cc182272cadaec78f6d/pdbp-1.7.0.tar.gz", hash = "sha256:d0a5b275720c451f5574427e35523aeb61c244f3faf622a80fe03019ef82d380", size = 25481, upload-time = "2025-03-23T05:19:47.994Z" }
wheels = [
    { url = "https://files.pythonhosted.org/packages/86/2f/1f0144b14553ad32a8d0afa38b832c4b117694484c32aef2d939dc96f20a/pdbp-1.7.0-py3-none-any.whl", hash = "sha256:6ad99cb4e9f2fc1a5b4ef4f2e0acdb28b18b271bf71f6c9f997b652d935caa19", size = 21614, upload-time = "2025-03-23T05:19:46.335Z" },
]

[[package]]
name = "pluggy"
version = "1.6.0"
source = { registry = "https://pypi.org/simple" }
sdist = { url = "https://files.pythonhosted.org/packages/f9/e2/3e91f31a7d2b083fe6ef3fa267035b518369d9511ffab804f839851d2779/pluggy-1.6.0.tar.gz", hash = "sha256:7dcc130b76258d33b90f61b658791dede3486c3e6bfb003ee5c9bfb396dd22f3", size = 69412, upload-time = "2025-05-15T12:30:07.975Z" }
wheels = [
    { url = "https://files.pythonhosted.org/packages/54/20/4d324d65cc6d9205fabedc306948156824eb9f0ee1633355a8f7ec5c66bf/pluggy-1.6.0-py3-none-any.whl", hash = "sha256:e920276dd6813095e9377c0bc5566d94c932c33b27a3e3945d8389c374dd4746", size = 20538, upload-time = "2025-05-15T12:30:06.134Z" },
]

[[package]]
name = "pygments"
version = "2.19.1"
source = { registry = "https://pypi.org/simple" }
sdist = { url = "https://files.pythonhosted.org/packages/7c/2d/c3338d48ea6cc0feb8446d8e6937e1408088a72a39937982cc6111d17f84/pygments-2.19.1.tar.gz", hash = "sha256:61c16d2a8576dc0649d9f39e089b5f02bcd27fba10d8fb4dcc28173f7a45151f", size = 4968581, upload-time = "2025-01-06T17:26:30.443Z" }
wheels = [
    { url = "https://files.pythonhosted.org/packages/8a/0b/9fcc47d19c48b59121088dd6da2488a49d5f72dacf8262e2790a1d2c7d15/pygments-2.19.1-py3-none-any.whl", hash = "sha256:9ea1544ad55cecf4b8242fab6dd35a93bbce657034b0611ee383099054ab6d8c", size = 1225293, upload-time = "2025-01-06T17:26:25.553Z" },
]

[[package]]
name = "pyo3-antelope-rs"
version = "1.3.1"
source = { editable = "." }
dependencies = [
    { name = "frozendict" },
    { name = "maturin" },
    { name = "msgspec" },
    { name = "typing-extensions" },
]

[package.dev-dependencies]
dev = [
    { name = "deepdiff" },
    { name = "hypothesis" },
    { name = "pdbp" },
    { name = "pytest" },
    { name = "pytest-xdist" },
]

[package.metadata]
requires-dist = [
    { name = "frozendict", specifier = ">=2.4.6" },
    { name = "maturin", specifier = ">=1.8.2" },
    { name = "msgspec", specifier = ">=0.19.0" },
    { name = "typing-extensions", specifier = ">=4.14.0" },
]

[package.metadata.requires-dev]
dev = [
    { name = "deepdiff", specifier = ">=8.5.0" },
    { name = "hypothesis", specifier = ">=6.135.1" },
    { name = "pdbp", specifier = ">=1.7.0" },
    { name = "pytest", specifier = ">=8.4.0" },
    { name = "pytest-xdist", specifier = ">=3.7.0" },
]

[[package]]
name = "pyreadline3"
version = "3.5.4"
source = { registry = "https://pypi.org/simple" }
sdist = { url = "https://files.pythonhosted.org/packages/0f/49/4cea918a08f02817aabae639e3d0ac046fef9f9180518a3ad394e22da148/pyreadline3-3.5.4.tar.gz", hash = "sha256:8d57d53039a1c75adba8e50dd3d992b28143480816187ea5efbd5c78e6c885b7", size = 99839, upload-time = "2024-09-19T02:40:10.062Z" }
wheels = [
    { url = "https://files.pythonhosted.org/packages/5a/dc/491b7661614ab97483abf2056be1deee4dc2490ecbf7bff9ab5cdbac86e1/pyreadline3-3.5.4-py3-none-any.whl", hash = "sha256:eaf8e6cc3c49bcccf145fc6067ba8643d1df34d604a1ec0eccbf7a18e6d3fae6", size = 83178, upload-time = "2024-09-19T02:40:08.598Z" },
]

[[package]]
name = "pytest"
version = "8.4.0"
source = { registry = "https://pypi.org/simple" }
dependencies = [
    { name = "colorama", marker = "sys_platform == 'win32'" },
    { name = "exceptiongroup", marker = "python_full_version < '3.11'" },
    { name = "iniconfig" },
    { name = "packaging" },
    { name = "pluggy" },
    { name = "pygments" },
    { name = "tomli", marker = "python_full_version < '3.11'" },
]
sdist = { url = "https://files.pythonhosted.org/packages/fb/aa/405082ce2749be5398045152251ac69c0f3578c7077efc53431303af97ce/pytest-8.4.0.tar.gz", hash = "sha256:14d920b48472ea0dbf68e45b96cd1ffda4705f33307dcc86c676c1b5104838a6", size = 1515232, upload-time = "2025-06-02T17:36:30.03Z" }
wheels = [
    { url = "https://files.pythonhosted.org/packages/2f/de/afa024cbe022b1b318a3d224125aa24939e99b4ff6f22e0ba639a2eaee47/pytest-8.4.0-py3-none-any.whl", hash = "sha256:f40f825768ad76c0977cbacdf1fd37c6f7a468e460ea6a0636078f8972d4517e", size = 363797, upload-time = "2025-06-02T17:36:27.859Z" },
]

[[package]]
name = "pytest-xdist"
version = "3.7.0"
source = { registry = "https://pypi.org/simple" }
dependencies = [
    { name = "execnet" },
    { name = "pytest" },
]
sdist = { url = "https://files.pythonhosted.org/packages/49/dc/865845cfe987b21658e871d16e0a24e871e00884c545f246dd8f6f69edda/pytest_xdist-3.7.0.tar.gz", hash = "sha256:f9248c99a7c15b7d2f90715df93610353a485827bc06eefb6566d23f6400f126", size = 87550, upload-time = "2025-05-26T21:18:20.251Z" }
wheels = [
    { url = "https://files.pythonhosted.org/packages/0d/b2/0e802fde6f1c5b2f7ae7e9ad42b83fd4ecebac18a8a8c2f2f14e39dce6e1/pytest_xdist-3.7.0-py3-none-any.whl", hash = "sha256:7d3fbd255998265052435eb9daa4e99b62e6fb9cfb6efd1f858d4d8c0c7f0ca0", size = 46142, upload-time = "2025-05-26T21:18:18.759Z" },
]

[[package]]
name = "sortedcontainers"
version = "2.4.0"
source = { registry = "https://pypi.org/simple" }
sdist = { url = "https://files.pythonhosted.org/packages/e8/c4/ba2f8066cceb6f23394729afe52f3bf7adec04bf9ed2c820b39e19299111/sortedcontainers-2.4.0.tar.gz", hash = "sha256:25caa5a06cc30b6b83d11423433f65d1f9d76c4c6a0c90e3379eaa43b9bfdb88", size = 30594, upload-time = "2021-05-16T22:03:42.897Z" }
wheels = [
    { url = "https://files.pythonhosted.org/packages/32/46/9cb0e58b2deb7f82b84065f37f3bffeb12413f947f9388e4cac22c4621ce/sortedcontainers-2.4.0-py2.py3-none-any.whl", hash = "sha256:a163dcaede0f1c021485e957a39245190e74249897e2ae4b2aa38595db237ee0", size = 29575, upload-time = "2021-05-16T22:03:41.177Z" },
]

[[package]]
name = "tabcompleter"
version = "1.4.0"
source = { registry = "https://pypi.org/simple" }
dependencies = [
    { name = "pyreadline3", marker = "sys_platform == 'win32'" },
]
sdist = { url = "https://files.pythonhosted.org/packages/73/1a/ed3544579628c5709bae6fae2255e94c6982a9ff77d42d8ba59fd2f3b21a/tabcompleter-1.4.0.tar.gz", hash = "sha256:7562a9938e62f8e7c3be612c3ac4e14c5ec4307b58ba9031c148260e866e8814", size = 10431, upload-time = "2024-10-28T00:44:52.665Z" }
wheels = [
    { url = "https://files.pythonhosted.org/packages/65/44/bb509c3d2c0b5a87e7a5af1d5917a402a32ff026f777a6d7cb6990746cbb/tabcompleter-1.4.0-py3-none-any.whl", hash = "sha256:d744aa735b49c0a6cc2fb8fcd40077fec47425e4388301010b14e6ce3311368b", size = 6725, upload-time = "2024-10-28T00:44:51.267Z" },
]

[[package]]
name = "tomli"
version = "2.2.1"
source = { registry = "https://pypi.org/simple" }
sdist = { url = "https://files.pythonhosted.org/packages/18/87/302344fed471e44a87289cf4967697d07e532f2421fdaf868a303cbae4ff/tomli-2.2.1.tar.gz", hash = "sha256:cd45e1dc79c835ce60f7404ec8119f2eb06d38b1deba146f07ced3bbc44505ff", size = 17175, upload-time = "2024-11-27T22:38:36.873Z" }
wheels = [
    { url = "https://files.pythonhosted.org/packages/43/ca/75707e6efa2b37c77dadb324ae7d9571cb424e61ea73fad7c56c2d14527f/tomli-2.2.1-cp311-cp311-macosx_10_9_x86_64.whl", hash = "sha256:678e4fa69e4575eb77d103de3df8a895e1591b48e740211bd1067378c69e8249", size = 131077, upload-time = "2024-11-27T22:37:54.956Z" },
    { url = "https://files.pythonhosted.org/packages/c7/16/51ae563a8615d472fdbffc43a3f3d46588c264ac4f024f63f01283becfbb/tomli-2.2.1-cp311-cp311-macosx_11_0_arm64.whl", hash = "sha256:023aa114dd824ade0100497eb2318602af309e5a55595f76b626d6d9f3b7b0a6", size = 123429, upload-time = "2024-11-27T22:37:56.698Z" },
    { url = "https://files.pythonhosted.org/packages/f1/dd/4f6cd1e7b160041db83c694abc78e100473c15d54620083dbd5aae7b990e/tomli-2.2.1-cp311-cp311-manylinux_2_17_aarch64.manylinux2014_aarch64.whl", hash = "sha256:ece47d672db52ac607a3d9599a9d48dcb2f2f735c6c2d1f34130085bb12b112a", size = 226067, upload-time = "2024-11-27T22:37:57.63Z" },
    { url = "https://files.pythonhosted.org/packages/a9/6b/c54ede5dc70d648cc6361eaf429304b02f2871a345bbdd51e993d6cdf550/tomli-2.2.1-cp311-cp311-manylinux_2_17_x86_64.manylinux2014_x86_64.whl", hash = "sha256:6972ca9c9cc9f0acaa56a8ca1ff51e7af152a9f87fb64623e31d5c83700080ee", size = 236030, upload-time = "2024-11-27T22:37:59.344Z" },
    { url = "https://files.pythonhosted.org/packages/1f/47/999514fa49cfaf7a92c805a86c3c43f4215621855d151b61c602abb38091/tomli-2.2.1-cp311-cp311-manylinux_2_5_i686.manylinux1_i686.manylinux_2_17_i686.manylinux2014_i686.whl", hash = "sha256:c954d2250168d28797dd4e3ac5cf812a406cd5a92674ee4c8f123c889786aa8e", size = 240898, upload-time = "2024-11-27T22:38:00.429Z" },
    { url = "https://files.pythonhosted.org/packages/73/41/0a01279a7ae09ee1573b423318e7934674ce06eb33f50936655071d81a24/tomli-2.2.1-cp311-cp311-musllinux_1_2_aarch64.whl", hash = "sha256:8dd28b3e155b80f4d54beb40a441d366adcfe740969820caf156c019fb5c7ec4", size = 229894, upload-time = "2024-11-27T22:38:02.094Z" },
    { url = "https://files.pythonhosted.org/packages/55/18/5d8bc5b0a0362311ce4d18830a5d28943667599a60d20118074ea1b01bb7/tomli-2.2.1-cp311-cp311-musllinux_1_2_i686.whl", hash = "sha256:e59e304978767a54663af13c07b3d1af22ddee3bb2fb0618ca1593e4f593a106", size = 245319, upload-time = "2024-11-27T22:38:03.206Z" },
    { url = "https://files.pythonhosted.org/packages/92/a3/7ade0576d17f3cdf5ff44d61390d4b3febb8a9fc2b480c75c47ea048c646/tomli-2.2.1-cp311-cp311-musllinux_1_2_x86_64.whl", hash = "sha256:33580bccab0338d00994d7f16f4c4ec25b776af3ffaac1ed74e0b3fc95e885a8", size = 238273, upload-time = "2024-11-27T22:38:04.217Z" },
    { url = "https://files.pythonhosted.org/packages/72/6f/fa64ef058ac1446a1e51110c375339b3ec6be245af9d14c87c4a6412dd32/tomli-2.2.1-cp311-cp311-win32.whl", hash = "sha256:465af0e0875402f1d226519c9904f37254b3045fc5084697cefb9bdde1ff99ff", size = 98310, upload-time = "2024-11-27T22:38:05.908Z" },
    { url = "https://files.pythonhosted.org/packages/6a/1c/4a2dcde4a51b81be3530565e92eda625d94dafb46dbeb15069df4caffc34/tomli-2.2.1-cp311-cp311-win_amd64.whl", hash = "sha256:2d0f2fdd22b02c6d81637a3c95f8cd77f995846af7414c5c4b8d0545afa1bc4b", size = 108309, upload-time = "2024-11-27T22:38:06.812Z" },
    { url = "https://files.pythonhosted.org/packages/52/e1/f8af4c2fcde17500422858155aeb0d7e93477a0d59a98e56cbfe75070fd0/tomli-2.2.1-cp312-cp312-macosx_10_13_x86_64.whl", hash = "sha256:4a8f6e44de52d5e6c657c9fe83b562f5f4256d8ebbfe4ff922c495620a7f6cea", size = 132762, upload-time = "2024-11-27T22:38:07.731Z" },
    { url = "https://files.pythonhosted.org/packages/03/b8/152c68bb84fc00396b83e7bbddd5ec0bd3dd409db4195e2a9b3e398ad2e3/tomli-2.2.1-cp312-cp312-macosx_11_0_arm64.whl", hash = "sha256:8d57ca8095a641b8237d5b079147646153d22552f1c637fd3ba7f4b0b29167a8", size = 123453, upload-time = "2024-11-27T22:38:09.384Z" },
    { url = "https://files.pythonhosted.org/packages/c8/d6/fc9267af9166f79ac528ff7e8c55c8181ded34eb4b0e93daa767b8841573/tomli-2.2.1-cp312-cp312-manylinux_2_17_aarch64.manylinux2014_aarch64.whl", hash = "sha256:4e340144ad7ae1533cb897d406382b4b6fede8890a03738ff1683af800d54192", size = 233486, upload-time = "2024-11-27T22:38:10.329Z" },
    { url = "https://files.pythonhosted.org/packages/5c/51/51c3f2884d7bab89af25f678447ea7d297b53b5a3b5730a7cb2ef6069f07/tomli-2.2.1-cp312-cp312-manylinux_2_17_x86_64.manylinux2014_x86_64.whl", hash = "sha256:db2b95f9de79181805df90bedc5a5ab4c165e6ec3fe99f970d0e302f384ad222", size = 242349, upload-time = "2024-11-27T22:38:11.443Z" },
    { url = "https://files.pythonhosted.org/packages/ab/df/bfa89627d13a5cc22402e441e8a931ef2108403db390ff3345c05253935e/tomli-2.2.1-cp312-cp312-manylinux_2_5_i686.manylinux1_i686.manylinux_2_17_i686.manylinux2014_i686.whl", hash = "sha256:40741994320b232529c802f8bc86da4e1aa9f413db394617b9a256ae0f9a7f77", size = 252159, upload-time = "2024-11-27T22:38:13.099Z" },
    { url = "https://files.pythonhosted.org/packages/9e/6e/fa2b916dced65763a5168c6ccb91066f7639bdc88b48adda990db10c8c0b/tomli-2.2.1-cp312-cp312-musllinux_1_2_aarch64.whl", hash = "sha256:400e720fe168c0f8521520190686ef8ef033fb19fc493da09779e592861b78c6", size = 237243, upload-time = "2024-11-27T22:38:14.766Z" },
    { url = "https://files.pythonhosted.org/packages/b4/04/885d3b1f650e1153cbb93a6a9782c58a972b94ea4483ae4ac5cedd5e4a09/tomli-2.2.1-cp312-cp312-musllinux_1_2_i686.whl", hash = "sha256:02abe224de6ae62c19f090f68da4e27b10af2b93213d36cf44e6e1c5abd19fdd", size = 259645, upload-time = "2024-11-27T22:38:15.843Z" },
    { url = "https://files.pythonhosted.org/packages/9c/de/6b432d66e986e501586da298e28ebeefd3edc2c780f3ad73d22566034239/tomli-2.2.1-cp312-cp312-musllinux_1_2_x86_64.whl", hash = "sha256:b82ebccc8c8a36f2094e969560a1b836758481f3dc360ce9a3277c65f374285e", size = 244584, upload-time = "2024-11-27T22:38:17.645Z" },
    { url = "https://files.pythonhosted.org/packages/1c/9a/47c0449b98e6e7d1be6cbac02f93dd79003234ddc4aaab6ba07a9a7482e2/tomli-2.2.1-cp312-cp312-win32.whl", hash = "sha256:889f80ef92701b9dbb224e49ec87c645ce5df3fa2cc548664eb8a25e03127a98", size = 98875, upload-time = "2024-11-27T22:38:19.159Z" },
    { url = "https://files.pythonhosted.org/packages/ef/60/9b9638f081c6f1261e2688bd487625cd1e660d0a85bd469e91d8db969734/tomli-2.2.1-cp312-cp312-win_amd64.whl", hash = "sha256:7fc04e92e1d624a4a63c76474610238576942d6b8950a2d7f908a340494e67e4", size = 109418, upload-time = "2024-11-27T22:38:20.064Z" },
    { url = "https://files.pythonhosted.org/packages/04/90/2ee5f2e0362cb8a0b6499dc44f4d7d48f8fff06d28ba46e6f1eaa61a1388/tomli-2.2.1-cp313-cp313-macosx_10_13_x86_64.whl", hash = "sha256:f4039b9cbc3048b2416cc57ab3bda989a6fcf9b36cf8937f01a6e731b64f80d7", size = 132708, upload-time = "2024-11-27T22:38:21.659Z" },
    { url = "https://files.pythonhosted.org/packages/c0/ec/46b4108816de6b385141f082ba99e315501ccd0a2ea23db4a100dd3990ea/tomli-2.2.1-cp313-cp313-macosx_11_0_arm64.whl", hash = "sha256:286f0ca2ffeeb5b9bd4fcc8d6c330534323ec51b2f52da063b11c502da16f30c", size = 123582, upload-time = "2024-11-27T22:38:22.693Z" },
    { url = "https://files.pythonhosted.org/packages/a0/bd/b470466d0137b37b68d24556c38a0cc819e8febe392d5b199dcd7f578365/tomli-2.2.1-cp313-cp313-manylinux_2_17_aarch64.manylinux2014_aarch64.whl", hash = "sha256:a92ef1a44547e894e2a17d24e7557a5e85a9e1d0048b0b5e7541f76c5032cb13", size = 232543, upload-time = "2024-11-27T22:38:24.367Z" },
    { url = "https://files.pythonhosted.org/packages/d9/e5/82e80ff3b751373f7cead2815bcbe2d51c895b3c990686741a8e56ec42ab/tomli-2.2.1-cp313-cp313-manylinux_2_17_x86_64.manylinux2014_x86_64.whl", hash = "sha256:9316dc65bed1684c9a98ee68759ceaed29d229e985297003e494aa825ebb0281", size = 241691, upload-time = "2024-11-27T22:38:26.081Z" },
    { url = "https://files.pythonhosted.org/packages/05/7e/2a110bc2713557d6a1bfb06af23dd01e7dde52b6ee7dadc589868f9abfac/tomli-2.2.1-cp313-cp313-manylinux_2_5_i686.manylinux1_i686.manylinux_2_17_i686.manylinux2014_i686.whl", hash = "sha256:e85e99945e688e32d5a35c1ff38ed0b3f41f43fad8df0bdf79f72b2ba7bc5272", size = 251170, upload-time = "2024-11-27T22:38:27.921Z" },
    { url = "https://files.pythonhosted.org/packages/64/7b/22d713946efe00e0adbcdfd6d1aa119ae03fd0b60ebed51ebb3fa9f5a2e5/tomli-2.2.1-cp313-cp313-musllinux_1_2_aarch64.whl", hash = "sha256:ac065718db92ca818f8d6141b5f66369833d4a80a9d74435a268c52bdfa73140", size = 236530, upload-time = "2024-11-27T22:38:29.591Z" },
    { url = "https://files.pythonhosted.org/packages/38/31/3a76f67da4b0cf37b742ca76beaf819dca0ebef26d78fc794a576e08accf/tomli-2.2.1-cp313-cp313-musllinux_1_2_i686.whl", hash = "sha256:d920f33822747519673ee656a4b6ac33e382eca9d331c87770faa3eef562aeb2", size = 258666, upload-time = "2024-11-27T22:38:30.639Z" },
    { url = "https://files.pythonhosted.org/packages/07/10/5af1293da642aded87e8a988753945d0cf7e00a9452d3911dd3bb354c9e2/tomli-2.2.1-cp313-cp313-musllinux_1_2_x86_64.whl", hash = "sha256:a198f10c4d1b1375d7687bc25294306e551bf1abfa4eace6650070a5c1ae2744", size = 243954, upload-time = "2024-11-27T22:38:31.702Z" },
    { url = "https://files.pythonhosted.org/packages/5b/b9/1ed31d167be802da0fc95020d04cd27b7d7065cc6fbefdd2f9186f60d7bd/tomli-2.2.1-cp313-cp313-win32.whl", hash = "sha256:d3f5614314d758649ab2ab3a62d4f2004c825922f9e370b29416484086b264ec", size = 98724, upload-time = "2024-11-27T22:38:32.837Z" },
    { url = "https://files.pythonhosted.org/packages/c7/32/b0963458706accd9afcfeb867c0f9175a741bf7b19cd424230714d722198/tomli-2.2.1-cp313-cp313-win_amd64.whl", hash = "sha256:a38aa0308e754b0e3c67e344754dff64999ff9b513e691d0e786265c93583c69", size = 109383, upload-time = "2024-11-27T22:38:34.455Z" },
    { url = "https://files.pythonhosted.org/packages/6e/c2/61d3e0f47e2b74ef40a68b9e6ad5984f6241a942f7cd3bbfbdbd03861ea9/tomli-2.2.1-py3-none-any.whl", hash = "sha256:cb55c73c5f4408779d0cf3eef9f762b9c9f147a77de7b258bef0a5628adc85cc", size = 14257, upload-time = "2024-11-27T22:38:35.385Z" },
]

[[package]]
name = "typing-extensions"
version = "4.14.0"
source = { registry = "https://pypi.org/simple" }
sdist = { url = "https://files.pythonhosted.org/packages/d1/bc/51647cd02527e87d05cb083ccc402f93e441606ff1f01739a62c8ad09ba5/typing_extensions-4.14.0.tar.gz", hash = "sha256:8676b788e32f02ab42d9e7c61324048ae4c6d844a399eebace3d4979d75ceef4", size = 107423, upload-time = "2025-06-02T14:52:11.399Z" }
wheels = [
    { url = "https://files.pythonhosted.org/packages/69/e0/552843e0d356fbb5256d21449fa957fa4eff3bbc135a74a691ee70c7c5da/typing_extensions-4.14.0-py3-none-any.whl", hash = "sha256:a1514509136dd0b477638fc68d6a91497af5076466ad0fa6c338e44e359944af", size = 43839, upload-time = "2025-06-02T14:52:10.026Z" },
]
